{
  "name": "@hazae41/mutex",
  "version": "3.0.0",
  "lockfileVersion": 2,
  "requires": true,
  "packages": {
    "": {
      "name": "@hazae41/mutex",
      "version": "3.0.0",
      "devDependencies": {
        "@hazae41/phobos": "^2.0.10",
        "@hazae41/tscousin": "^1.0.9",
        "typescript": "^5.9.2"
      }
    },
    "node_modules/@hazae41/phobos": {
      "version": "2.0.10",
      "resolved": "https://registry.npmjs.org/@hazae41/phobos/-/phobos-2.0.10.tgz",
      "integrity": "sha512-o+TV5xgsDx23j1rLFPZKKOj9nfMCog4FCQiEHw8IdiUjm4fiJiR3XfH2qHBzBLjN/w3RLoohcfkuaoww7WSYjw==",
      "dev": true
    },
    "node_modules/@hazae41/tscousin": {
      "version": "1.0.20",
      "resolved": "https://registry.npmjs.org/@hazae41/tscousin/-/tscousin-1.0.20.tgz",
      "integrity": "sha512-uWpjfLIV/Uee4qofvm6pQr52Av+a+pTOtNqiIlQyrjrZ4/LX5nDTK4Q45QH+MZqrHHhOmxzgs6EdzAKPjw/AVw==",
      "dev": true,
      "bin": {
        "tscousin": "out/bin.js"
      }
    },
    "node_modules/typescript": {
      "version": "5.9.3",
      "resolved": "https://registry.npmjs.org/typescript/-/typescript-5.9.3.tgz",
      "integrity": "sha512-jl1vZzPDinLr9eUt3J/t7V6FgNEw9QjvBPdysz9KfQDD41fQrC2Y4vKQdiaUpFT4bXlb1RHhLpp8wtm6M5TgSw==",
      "dev": true,
      "license": "Apache-2.0",
      "bin": {
        "tsc": "bin/tsc",
        "tsserver": "bin/tsserver"
      },
      "engines": {
        "node": ">=14.17"
      }
    }
  },
  "dependencies": {
    "@hazae41/phobos": {
      "version": "2.0.10",
      "resolved": "https://registry.npmjs.org/@hazae41/phobos/-/phobos-2.0.10.tgz",
      "integrity": "sha512-o+TV5xgsDx23j1rLFPZKKOj9nfMCog4FCQiEHw8IdiUjm4fiJiR3XfH2qHBzBLjN/w3RLoohcfkuaoww7WSYjw==",
      "dev": true
    },
    "@hazae41/tscousin": {
      "version": "1.0.20",
      "resolved": "https://registry.npmjs.org/@hazae41/tscousin/-/tscousin-1.0.20.tgz",
      "integrity": "sha512-uWpjfLIV/Uee4qofvm6pQr52Av+a+pTOtNqiIlQyrjrZ4/LX5nDTK4Q45QH+MZqrHHhOmxzgs6EdzAKPjw/AVw==",
      "dev": true
    },
    "typescript": {
      "version": "5.9.3",
      "resolved": "https://registry.npmjs.org/typescript/-/typescript-5.9.3.tgz",
      "integrity": "sha512-jl1vZzPDinLr9eUt3J/t7V6FgNEw9QjvBPdysz9KfQDD41fQrC2Y4vKQdiaUpFT4bXlb1RHhLpp8wtm6M5TgSw==",
      "dev": true
    }
  }
}
